
Microsoft Visual Studio Solution File, Format Version 12.00
# Visual Studio Version 17
VisualStudioVersion = 17.9.34728.123
MinimumVisualStudioVersion = 10.0.40219.1
Project("{9A19103F-16F7-4668-BE54-9A1E7A4F7556}") = "STMS", "STMS\STMS.csproj", "{A1347B13-40F4-4B49-A0E2-45604950FDC3}"
EndProject
Project("{FAE04EC0-301F-11D3-BF4B-00C04F79EFBC}") = "STMSApi", "STMSApi\STMSApi.csproj", "{FA094045-7AC4-45E0-B27D-458ECF2BA81E}"
EndProject
Global
	GlobalSection(SolutionConfigurationPlatforms) = preSolution
		Debug|Any CPU = Debug|Any CPU
		Release|Any CPU = Release|Any CPU
	EndGlobalSection
	GlobalSection(ProjectConfigurationPlatforms) = postSolution
		{A1347B13-40F4-4B49-A0E2-45604950FDC3}.Debug|Any CPU.ActiveCfg = Debug|Any CPU
		{A1347B13-40F4-4B49-A0E2-45604950FDC3}.Debug|Any CPU.Build.0 = Debug|Any CPU
		{A1347B13-40F4-4B49-A0E2-45604950FDC3}.Debug|Any CPU.Deploy.0 = Debug|Any CPU
		{A1347B13-40F4-4B49-A0E2-45604950FDC3}.Release|Any CPU.ActiveCfg = Release|Any CPU
		{A1347B13-40F4-4B49-A0E2-45604950FDC3}.Release|Any CPU.Build.0 = Release|Any CPU
		{A1347B13-40F4-4B49-A0E2-45604950FDC3}.Release|Any CPU.Deploy.0 = Release|Any CPU
		{FA094045-7AC4-45E0-B27D-458ECF2BA81E}.Debug|Any CPU.ActiveCfg = Debug|Any CPU
		{FA094045-7AC4-45E0-B27D-458ECF2BA81E}.Debug|Any CPU.Build.0 = Debug|Any CPU
		{FA094045-7AC4-45E0-B27D-458ECF2BA81E}.Release|Any CPU.ActiveCfg = Release|Any CPU
		{FA094045-7AC4-45E0-B27D-458ECF2BA81E}.Release|Any CPU.Build.0 = Release|Any CPU
	EndGlobalSection
	GlobalSection(SolutionProperties) = preSolution
		HideSolutionNode = FALSE
	EndGlobalSection
	GlobalSection(ExtensibilityGlobals) = postSolution
		SolutionGuid = {ADE96A43-913D-4D45-85BF-023DFDA37948}
	EndGlobalSection
EndGlobal
